
Microsoft Visual Studio Solution File, Format Version 12.00
# Visual Studio 15
VisualStudioVersion = 15.0.28307.645
MinimumVisualStudioVersion = 10.0.40219.1
Project("{FAE04EC0-301F-11D3-BF4B-00C04F79EFBC}") = "JsonDynamic", "JsonDynamic.csproj", "{685B95ED-22B0-4A63-B8C1-12F83E6718D1}"
EndProject
Global
	GlobalSection(SolutionConfigurationPlatforms) = preSolution
		Debug|Any CPU = Debug|Any CPU
		Release|Any CPU = Release|Any CPU
	EndGlobalSection
	GlobalSection(ProjectConfigurationPlatforms) = postSolution
		{685B95ED-22B0-4A63-B8C1-12F83E6718D1}.Debug|Any CPU.ActiveCfg = Debug|Any CPU
		{685B95ED-22B0-4A63-B8C1-12F83E6718D1}.Debug|Any CPU.Build.0 = Debug|Any CPU
		{685B95ED-22B0-4A63-B8C1-12F83E6718D1}.Release|Any CPU.ActiveCfg = Release|Any CPU
		{685B95ED-22B0-4A63-B8C1-12F83E6718D1}.Release|Any CPU.Build.0 = Release|Any CPU
	EndGlobalSection
	GlobalSection(SolutionProperties) = preSolution
		HideSolutionNode = FALSE
	EndGlobalSection
	GlobalSection(ExtensibilityGlobals) = postSolution
		SolutionGuid = {18BF5148-A203-465B-B118-DD8A8F9A4104}
	EndGlobalSection
EndGlobal
